
Microsoft Visual Studio Solution File, Format Version 12.00
# Visual Studio 15
Project("{FAE04EC0-301F-11D3-BF4B-00C04F79EFBC}") = "dotnet-core-mvc-webhook", "dotnet-core-mvc-webhook\dotnet-core-mvc-webhook.csproj", "{43921D3F-1468-44B7-B7AD-7CE95327438B}"
EndProject
Global
	GlobalSection(SolutionConfigurationPlatforms) = preSolution
		Debug|Any CPU = Debug|Any CPU
		Release|Any CPU = Release|Any CPU
	EndGlobalSection
	GlobalSection(ProjectConfigurationPlatforms) = postSolution
		{43921D3F-1468-44B7-B7AD-7CE95327438B}.Debug|Any CPU.ActiveCfg = Debug|Any CPU
		{43921D3F-1468-44B7-B7AD-7CE95327438B}.Debug|Any CPU.Build.0 = Debug|Any CPU
		{43921D3F-1468-44B7-B7AD-7CE95327438B}.Release|Any CPU.ActiveCfg = Release|Any CPU
		{43921D3F-1468-44B7-B7AD-7CE95327438B}.Release|Any CPU.Build.0 = Release|Any CPU
	EndGlobalSection
EndGlobal
